<?xml version="1.0" encoding="utf-8"?>
<Project ToolsVersion="4.0" xmlns="http://schemas.microsoft.com/developer/msbuild/2003">
  <ItemGroup>
    <Filter Include="Source Files">
      <UniqueIdentifier>{4FC737F1-C7A5-4376-A066-2A32D752A2FF}</UniqueIdentifier>
      <Extensions>cpp;c;cc;cxx;def;odl;idl;hpj;bat;asm;asmx</Extensions>
    </Filter>
    <Filter Include="Header Files">
      <UniqueIdentifier>{93995380-89BD-4b04-88EB-625FBE52EBFB}</UniqueIdentifier>
      <Extensions>h;hpp;hxx;hm;inl;inc;xsd</Extensions>
    </Filter>
    <Filter Include="Resource Files">
      <UniqueIdentifier>{67DA6AB6-F800-4c08-8B7A-83BB121AAD01}</UniqueIdentifier>
      <Extensions>rc;ico;cur;bmp;dlg;rc2;rct;bin;rgs;gif;jpg;jpeg;jpe;resx;tiff;tif;png;wav</Extensions>
    </Filter>
    <Filter Include="Blocks">
      <UniqueIdentifier>{69E96206-7EEE-4ABF-84AD-6C06606800EF}</UniqueIdentifier>
    </Filter>
    <Filter Include="Blocks\UiTree">
      <UniqueIdentifier>{B9472A0A-0E64-4171-BBA8-06222AA84792}</UniqueIdentifier>
    </Filter>
    <Filter Include="Blocks\UiTree\src">
      <UniqueIdentifier>{E20A1E0F-3AD8-4415-8E71-F187FB09422D}</UniqueIdentifier>
    </Filter>
  </ItemGroup>
  <ItemGroup>
    <ClCompile Include="..\src\AudioPlayerApp.cpp">
      <Filter>Source Files</Filter>
    </ClCompile>
    <ClInclude Include="..\include\Resources.h">
      <Filter>Header Files</Filter>
    </ClInclude>
    <ClCompile Include="..\src\AudioPlayerApp.cpp">
      <Filter>Source Files</Filter>
    </ClCompile>
    <ClInclude Include="..\..\..\src\UiTree.h">
      <Filter>Blocks\UiTree\src</Filter>
    </ClInclude>
    <ClCompile Include="..\src\Button.cpp">
      <Filter>Source Files</Filter>
    </ClCompile>
    <ClCompile Include="..\src\Control.cpp">
      <Filter>Source Files</Filter>
    </ClCompile>
    <ClCompile Include="..\src\Slider.cpp">
      <Filter>Source Files</Filter>
    </ClCompile>
  </ItemGroup>
  <ItemGroup>
    <ClInclude Include="..\include\Resources.h">
      <Filter>Header Files</Filter>
    </ClInclude>
    <ClInclude Include="..\include\Button.h">
      <Filter>Header Files</Filter>
    </ClInclude>
    <ClInclude Include="..\include\Control.h">
      <Filter>Header Files</Filter>
    </ClInclude>
    <ClInclude Include="..\include\NodeId.h">
      <Filter>Header Files</Filter>
    </ClInclude>
    <ClInclude Include="..\include\Slider.h">
      <Filter>Header Files</Filter>
    </ClInclude>
  </ItemGroup>
  <ItemGroup>
    <ResourceCompile Include="Resources.rc">
      <Filter>Resource Files</Filter>
    </ResourceCompile>
  </ItemGroup>
  <ItemGroup>
    <Image Include="..\resources\forward.png">
      <Filter>Resource Files</Filter>
    </Image>
    <Image Include="..\resources\pause.png">
      <Filter>Resource Files</Filter>
    </Image>
    <Image Include="..\resources\play.png">
      <Filter>Resource Files</Filter>
    </Image>
    <Image Include="..\resources\rewind.png">
      <Filter>Resource Files</Filter>
    </Image>
    <Image Include="..\resources\scrub.png">
      <Filter>Resource Files</Filter>
    </Image>
  </ItemGroup>
  <ItemGroup>
    <Media Include="..\resources\let_s_go_outside_-_i_see_you_dancing.mp3">
      <Filter>Resource Files</Filter>
    </Media>
  </ItemGroup>
</Project>