
Microsoft Visual Studio Solution File, Format Version 12.00
# Visual Studio 2013
Project("{8BC9CEB8-8B4A-11D0-8D11-00A0C91BC942}") = "AudioPlayer", "AudioPlayer.vcxproj", "{60C0D9F2-BF38-4220-B97C-BA394A5229DD}"
EndProject
Global
	GlobalSection(SolutionConfigurationPlatforms) = preSolution
		Debug|Win32 = Debug|Win32
		Release|Win32 = Release|Win32
		Debug|x64 = Debug|x64
		Release|x64 = Release|x64
	EndGlobalSection
	GlobalSection(ProjectConfigurationPlatforms) = postSolution
		{60C0D9F2-BF38-4220-B97C-BA394A5229DD}.Debug|Win32.ActiveCfg = Debug|Win32
		{60C0D9F2-BF38-4220-B97C-BA394A5229DD}.Debug|Win32.Build.0 = Debug|Win32
		{60C0D9F2-BF38-4220-B97C-BA394A5229DD}.Release|Win32.ActiveCfg = Release|Win32
		{60C0D9F2-BF38-4220-B97C-BA394A5229DD}.Release|Win32.Build.0 = Release|Win32
		{60C0D9F2-BF38-4220-B97C-BA394A5229DD}.Debug|x64.ActiveCfg = Debug|x64
		{60C0D9F2-BF38-4220-B97C-BA394A5229DD}.Debug|x64.Build.0 = Debug|x64
		{60C0D9F2-BF38-4220-B97C-BA394A5229DD}.Release|x64.ActiveCfg = Release|x64
		{60C0D9F2-BF38-4220-B97C-BA394A5229DD}.Release|x64.Build.0 = Release|x64
	EndGlobalSection
	GlobalSection(SolutionProperties) = preSolution
		HideSolutionNode = FALSE
	EndGlobalSection
EndGlobal
